
Microsoft Visual Studio Solution File, Format Version 12.00
# Visual Studio Version 16
VisualStudioVersion = 16.0.32106.194
MinimumVisualStudioVersion = 10.0.40219.1
Project("{9A19103F-16F7-4668-BE54-9A1E7A4F7556}") = "Telephony", "Telephony.csproj", "{F2FE14E3-F013-4D13-AA61-1AB3A3E5ABAD}"
EndProject
Global
	GlobalSection(SolutionConfigurationPlatforms) = preSolution
		Debug|Any CPU = Debug|Any CPU
		Release|Any CPU = Release|Any CPU
	EndGlobalSection
	GlobalSection(ProjectConfigurationPlatforms) = postSolution
		{F2FE14E3-F013-4D13-AA61-1AB3A3E5ABAD}.Debug|Any CPU.ActiveCfg = Debug|Any CPU
		{F2FE14E3-F013-4D13-AA61-1AB3A3E5ABAD}.Debug|Any CPU.Build.0 = Debug|Any CPU
		{F2FE14E3-F013-4D13-AA61-1AB3A3E5ABAD}.Release|Any CPU.ActiveCfg = Release|Any CPU
		{F2FE14E3-F013-4D13-AA61-1AB3A3E5ABAD}.Release|Any CPU.Build.0 = Release|Any CPU
	EndGlobalSection
	GlobalSection(SolutionProperties) = preSolution
		HideSolutionNode = FALSE
	EndGlobalSection
	GlobalSection(ExtensibilityGlobals) = postSolution
		SolutionGuid = {70D1A93F-8746-4246-970F-76711A77EC92}
	EndGlobalSection
EndGlobal
